<?xml version='1.0' encoding='utf-8'?>
<Project xmlns="http://schemas.microsoft.com/developer/msbuild/2003" ToolsVersion="18.0">
  <ItemGroup>
    <Filter Include="App">
      <UniqueIdentifier>{BFAE55CE-3785-5456-99E5-0E06F84AC5B8}</UniqueIdentifier>
    </Filter>
    <Filter Include="Editor">
      <UniqueIdentifier>{292FED32-52EF-5647-93EF-EE8C9FB8F6C3}</UniqueIdentifier>
    </Filter>
    <Filter Include="Support">
      <UniqueIdentifier>{21D2DF79-3A56-56AA-8D99-A2A947F789FD}</UniqueIdentifier>
    </Filter>
  </ItemGroup>
  <ItemGroup>
    <ClCompile Include="src\game_pch.cpp">
      <Filter>Support</Filter>
    </ClCompile>
    <ClCompile Include="src\app\main.cpp">
      <Filter>App</Filter>
    </ClCompile>
    <ClCompile Include="src\editor\biome_maker_app.cpp">
      <Filter>Editor</Filter>
    </ClCompile>
    <ClCompile Include="src\editor\editor_renderer.cpp">
      <Filter>Editor</Filter>
    </ClCompile>
    <ClCompile Include="src\editor\preview_world_controller.cpp">
      <Filter>Editor</Filter>
    </ClCompile>
    <ClCompile Include="..\VoxelParadox.Client\src\Renderer\render\cache\item_texture_cache.cpp">
      <Filter>Support</Filter>
    </ClCompile>
  </ItemGroup>
  <ItemGroup>
    <ClInclude Include="src\editor\biome_maker_app.hpp">
      <Filter>Editor</Filter>
    </ClInclude>
    <ClInclude Include="src\editor\editor_camera_controller.hpp">
      <Filter>Editor</Filter>
    </ClInclude>
    <ClInclude Include="src\editor\editor_renderer.hpp">
      <Filter>Editor</Filter>
    </ClInclude>
    <ClInclude Include="src\editor\preview_world_controller.hpp">
      <Filter>Editor</Filter>
    </ClInclude>
  </ItemGroup>
</Project>
